
Microsoft Visual Studio Solution File, Format Version 12.00
# Visual Studio 15
VisualStudioVersion = 15.0.27428.2027
MinimumVisualStudioVersion = 10.0.40219.1
Project("{FAE04EC0-301F-11D3-BF4B-00C04F79EFBC}") = "CustomPrototypes.Android", "CustomPrototypes\Android\CustomPrototypes.Android.csproj", "{D383FD3A-D906-4FEF-A3CE-EA69D20BB05E}"
EndProject
Project("{FAE04EC0-301F-11D3-BF4B-00C04F79EFBC}") = "CustomPrototypes.iOS", "CustomPrototypes\iOS\CustomPrototypes.iOS.csproj", "{2BD73CC7-3A8A-42E5-B0EF-95C44BD18DD0}"
EndProject
Project("{FAE04EC0-301F-11D3-BF4B-00C04F79EFBC}") = "CustomPrototypes.UWP", "CustomPrototypes\UWP\CustomPrototypes.UWP.csproj", "{8978C8E0-3A42-4B77-98D1-FC75D5014B01}"
EndProject
Project("{9A19103F-16F7-4668-BE54-9A1E7A4F7556}") = "CustomPrototypes.NetStandard", "CustomPrototypes\CustomPrototypes.NetStandard\CustomPrototypes.NetStandard.csproj", "{0AEB8DD7-39BE-4007-A3BA-C17B5B7F6C28}"
EndProject
Global
	GlobalSection(SolutionConfigurationPlatforms) = preSolution
		Ad-Hoc|Any CPU = Ad-Hoc|Any CPU
		Ad-Hoc|ARM = Ad-Hoc|ARM
		Ad-Hoc|iPhone = Ad-Hoc|iPhone
		Ad-Hoc|iPhoneSimulator = Ad-Hoc|iPhoneSimulator
		Ad-Hoc|x64 = Ad-Hoc|x64
		Ad-Hoc|x86 = Ad-Hoc|x86
		AppStore|Any CPU = AppStore|Any CPU
		AppStore|ARM = AppStore|ARM
		AppStore|iPhone = AppStore|iPhone
		AppStore|iPhoneSimulator = AppStore|iPhoneSimulator
		AppStore|x64 = AppStore|x64
		AppStore|x86 = AppStore|x86
		Debug|Any CPU = Debug|Any CPU
		Debug|ARM = Debug|ARM
		Debug|iPhone = Debug|iPhone
		Debug|iPhoneSimulator = Debug|iPhoneSimulator
		Debug|x64 = Debug|x64
		Debug|x86 = Debug|x86
		Release|Any CPU = Release|Any CPU
		Release|ARM = Release|ARM
		Release|iPhone = Release|iPhone
		Release|iPhoneSimulator = Release|iPhoneSimulator
		Release|x64 = Release|x64
		Release|x86 = Release|x86
	EndGlobalSection
	GlobalSection(ProjectConfigurationPlatforms) = postSolution
		{D383FD3A-D906-4FEF-A3CE-EA69D20BB05E}.Ad-Hoc|Any CPU.ActiveCfg = Release|Any CPU
		{D383FD3A-D906-4FEF-A3CE-EA69D20BB05E}.Ad-Hoc|Any CPU.Build.0 = Release|Any CPU
		{D383FD3A-D906-4FEF-A3CE-EA69D20BB05E}.Ad-Hoc|Any CPU.Deploy.0 = Release|Any CPU
		{D383FD3A-D906-4FEF-A3CE-EA69D20BB05E}.Ad-Hoc|ARM.ActiveCfg = Release|Any CPU
		{D383FD3A-D906-4FEF-A3CE-EA69D20BB05E}.Ad-Hoc|ARM.Build.0 = Release|Any CPU
		{D383FD3A-D906-4FEF-A3CE-EA69D20BB05E}.Ad-Hoc|ARM.Deploy.0 = Release|Any CPU
		{D383FD3A-D906-4FEF-A3CE-EA69D20BB05E}.Ad-Hoc|iPhone.ActiveCfg = Release|Any CPU
		{D383FD3A-D906-4FEF-A3CE-EA69D20BB05E}.Ad-Hoc|iPhone.Build.0 = Release|Any CPU
		{D383FD3A-D906-4FEF-A3CE-EA69D20BB05E}.Ad-Hoc|iPhone.Deploy.0 = Release|Any CPU
		{D383FD3A-D906-4FEF-A3CE-EA69D20BB05E}.Ad-Hoc|iPhoneSimulator.ActiveCfg = Release|Any CPU
		{D383FD3A-D906-4FEF-A3CE-EA69D20BB05E}.Ad-Hoc|iPhoneSimulator.Build.0 = Release|Any CPU
		{D383FD3A-D906-4FEF-A3CE-EA69D20BB05E}.Ad-Hoc|iPhoneSimulator.Deploy.0 = Release|Any CPU
		{D383FD3A-D906-4FEF-A3CE-EA69D20BB05E}.Ad-Hoc|x64.ActiveCfg = Release|Any CPU
		{D383FD3A-D906-4FEF-A3CE-EA69D20BB05E}.Ad-Hoc|x64.Build.0 = Release|Any CPU
		{D383FD3A-D906-4FEF-A3CE-EA69D20BB05E}.Ad-Hoc|x64.Deploy.0 = Release|Any CPU
		{D383FD3A-D906-4FEF-A3CE-EA69D20BB05E}.Ad-Hoc|x86.ActiveCfg = Release|Any CPU
		{D383FD3A-D906-4FEF-A3CE-EA69D20BB05E}.Ad-Hoc|x86.Build.0 = Release|Any CPU
		{D383FD3A-D906-4FEF-A3CE-EA69D20BB05E}.Ad-Hoc|x86.Deploy.0 = Release|Any CPU
		{D383FD3A-D906-4FEF-A3CE-EA69D20BB05E}.AppStore|Any CPU.ActiveCfg = Release|Any CPU
		{D383FD3A-D906-4FEF-A3CE-EA69D20BB05E}.AppStore|Any CPU.Build.0 = Release|Any CPU
		{D383FD3A-D906-4FEF-A3CE-EA69D20BB05E}.AppStore|Any CPU.Deploy.0 = Release|Any CPU
		{D383FD3A-D906-4FEF-A3CE-EA69D20BB05E}.AppStore|ARM.ActiveCfg = Release|Any CPU
		{D383FD3A-D906-4FEF-A3CE-EA69D20BB05E}.AppStore|ARM.Build.0 = Release|Any CPU
		{D383FD3A-D906-4FEF-A3CE-EA69D20BB05E}.AppStore|ARM.Deploy.0 = Release|Any CPU
		{D383FD3A-D906-4FEF-A3CE-EA69D20BB05E}.AppStore|iPhone.ActiveCfg = Release|Any CPU
		{D383FD3A-D906-4FEF-A3CE-EA69D20BB05E}.AppStore|iPhone.Build.0 = Release|Any CPU
		{D383FD3A-D906-4FEF-A3CE-EA69D20BB05E}.AppStore|iPhone.Deploy.0 = Release|Any CPU
		{D383FD3A-D906-4FEF-A3CE-EA69D20BB05E}.AppStore|iPhoneSimulator.ActiveCfg = Release|Any CPU
		{D383FD3A-D906-4FEF-A3CE-EA69D20BB05E}.AppStore|iPhoneSimulator.Build.0 = Release|Any CPU
		{D383FD3A-D906-4FEF-A3CE-EA69D20BB05E}.AppStore|iPhoneSimulator.Deploy.0 = Release|Any CPU
		{D383FD3A-D906-4FEF-A3CE-EA69D20BB05E}.AppStore|x64.ActiveCfg = Release|Any CPU
		{D383FD3A-D906-4FEF-A3CE-EA69D20BB05E}.AppStore|x64.Build.0 = Release|Any CPU
		{D383FD3A-D906-4FEF-A3CE-EA69D20BB05E}.AppStore|x64.Deploy.0 = Release|Any CPU
		{D383FD3A-D906-4FEF-A3CE-EA69D20BB05E}.AppStore|x86.ActiveCfg = Release|Any CPU
		{D383FD3A-D906-4FEF-A3CE-EA69D20BB05E}.AppStore|x86.Build.0 = Release|Any CPU
		{D383FD3A-D906-4FEF-A3CE-EA69D20BB05E}.AppStore|x86.Deploy.0 = Release|Any CPU
		{D383FD3A-D906-4FEF-A3CE-EA69D20BB05E}.Debug|Any CPU.ActiveCfg = Debug|Any CPU
		{D383FD3A-D906-4FEF-A3CE-EA69D20BB05E}.Debug|Any CPU.Build.0 = Debug|Any CPU
		{D383FD3A-D906-4FEF-A3CE-EA69D20BB05E}.Debug|Any CPU.Deploy.0 = Debug|Any CPU
		{D383FD3A-D906-4FEF-A3CE-EA69D20BB05E}.Debug|ARM.ActiveCfg = Debug|Any CPU
		{D383FD3A-D906-4FEF-A3CE-EA69D20BB05E}.Debug|ARM.Build.0 = Debug|Any CPU
		{D383FD3A-D906-4FEF-A3CE-EA69D20BB05E}.Debug|ARM.Deploy.0 = Debug|Any CPU
		{D383FD3A-D906-4FEF-A3CE-EA69D20BB05E}.Debug|iPhone.ActiveCfg = Debug|Any CPU
		{D383FD3A-D906-4FEF-A3CE-EA69D20BB05E}.Debug|iPhone.Build.0 = Debug|Any CPU
		{D383FD3A-D906-4FEF-A3CE-EA69D20BB05E}.Debug|iPhone.Deploy.0 = Debug|Any CPU
		{D383FD3A-D906-4FEF-A3CE-EA69D20BB05E}.Debug|iPhoneSimulator.ActiveCfg = Debug|Any CPU
		{D383FD3A-D906-4FEF-A3CE-EA69D20BB05E}.Debug|iPhoneSimulator.Build.0 = Debug|Any CPU
		{D383FD3A-D906-4FEF-A3CE-EA69D20BB05E}.Debug|iPhoneSimulator.Deploy.0 = Debug|Any CPU
		{D383FD3A-D906-4FEF-A3CE-EA69D20BB05E}.Debug|x64.ActiveCfg = Debug|Any CPU
		{D383FD3A-D906-4FEF-A3CE-EA69D20BB05E}.Debug|x64.Build.0 = Debug|Any CPU
		{D383FD3A-D906-4FEF-A3CE-EA69D20BB05E}.Debug|x64.Deploy.0 = Debug|Any CPU
		{D383FD3A-D906-4FEF-A3CE-EA69D20BB05E}.Debug|x86.ActiveCfg = Debug|Any CPU
		{D383FD3A-D906-4FEF-A3CE-EA69D20BB05E}.Debug|x86.Build.0 = Debug|Any CPU
		{D383FD3A-D906-4FEF-A3CE-EA69D20BB05E}.Debug|x86.Deploy.0 = Debug|Any CPU
		{D383FD3A-D906-4FEF-A3CE-EA69D20BB05E}.Release|Any CPU.ActiveCfg = Release|Any CPU
		{D383FD3A-D906-4FEF-A3CE-EA69D20BB05E}.Release|Any CPU.Build.0 = Release|Any CPU
		{D383FD3A-D906-4FEF-A3CE-EA69D20BB05E}.Release|Any CPU.Deploy.0 = Release|Any CPU
		{D383FD3A-D906-4FEF-A3CE-EA69D20BB05E}.Release|ARM.ActiveCfg = Release|Any CPU
		{D383FD3A-D906-4FEF-A3CE-EA69D20BB05E}.Release|ARM.Build.0 = Release|Any CPU
		{D383FD3A-D906-4FEF-A3CE-EA69D20BB05E}.Release|ARM.Deploy.0 = Release|Any CPU
		{D383FD3A-D906-4FEF-A3CE-EA69D20BB05E}.Release|iPhone.ActiveCfg = Release|Any CPU
		{D383FD3A-D906-4FEF-A3CE-EA69D20BB05E}.Release|iPhone.Build.0 = Release|Any CPU
		{D383FD3A-D906-4FEF-A3CE-EA69D20BB05E}.Release|iPhone.Deploy.0 = Release|Any CPU
		{D383FD3A-D906-4FEF-A3CE-EA69D20BB05E}.Release|iPhoneSimulator.ActiveCfg = Release|Any CPU
		{D383FD3A-D906-4FEF-A3CE-EA69D20BB05E}.Release|iPhoneSimulator.Build.0 = Release|Any CPU
		{D383FD3A-D906-4FEF-A3CE-EA69D20BB05E}.Release|iPhoneSimulator.Deploy.0 = Release|Any CPU
		{D383FD3A-D906-4FEF-A3CE-EA69D20BB05E}.Release|x64.ActiveCfg = Release|Any CPU
		{D383FD3A-D906-4FEF-A3CE-EA69D20BB05E}.Release|x64.Build.0 = Release|Any CPU
		{D383FD3A-D906-4FEF-A3CE-EA69D20BB05E}.Release|x64.Deploy.0 = Release|Any CPU
		{D383FD3A-D906-4FEF-A3CE-EA69D20BB05E}.Release|x86.ActiveCfg = Release|Any CPU
		{D383FD3A-D906-4FEF-A3CE-EA69D20BB05E}.Release|x86.Build.0 = Release|Any CPU
		{D383FD3A-D906-4FEF-A3CE-EA69D20BB05E}.Release|x86.Deploy.0 = Release|Any CPU
		{2BD73CC7-3A8A-42E5-B0EF-95C44BD18DD0}.Ad-Hoc|Any CPU.ActiveCfg = Ad-Hoc|iPhone
		{2BD73CC7-3A8A-42E5-B0EF-95C44BD18DD0}.Ad-Hoc|ARM.ActiveCfg = Ad-Hoc|iPhone
		{2BD73CC7-3A8A-42E5-B0EF-95C44BD18DD0}.Ad-Hoc|iPhone.ActiveCfg = Ad-Hoc|iPhone
		{2BD73CC7-3A8A-42E5-B0EF-95C44BD18DD0}.Ad-Hoc|iPhone.Build.0 = Ad-Hoc|iPhone
		{2BD73CC7-3A8A-42E5-B0EF-95C44BD18DD0}.Ad-Hoc|iPhoneSimulator.ActiveCfg = Ad-Hoc|iPhoneSimulator
		{2BD73CC7-3A8A-42E5-B0EF-95C44BD18DD0}.Ad-Hoc|iPhoneSimulator.Build.0 = Ad-Hoc|iPhoneSimulator
		{2BD73CC7-3A8A-42E5-B0EF-95C44BD18DD0}.Ad-Hoc|x64.ActiveCfg = Ad-Hoc|iPhone
		{2BD73CC7-3A8A-42E5-B0EF-95C44BD18DD0}.Ad-Hoc|x86.ActiveCfg = Ad-Hoc|iPhone
		{2BD73CC7-3A8A-42E5-B0EF-95C44BD18DD0}.AppStore|Any CPU.ActiveCfg = AppStore|iPhone
		{2BD73CC7-3A8A-42E5-B0EF-95C44BD18DD0}.AppStore|ARM.ActiveCfg = AppStore|iPhone
		{2BD73CC7-3A8A-42E5-B0EF-95C44BD18DD0}.AppStore|iPhone.ActiveCfg = AppStore|iPhone
		{2BD73CC7-3A8A-42E5-B0EF-95C44BD18DD0}.AppStore|iPhone.Build.0 = AppStore|iPhone
		{2BD73CC7-3A8A-42E5-B0EF-95C44BD18DD0}.AppStore|iPhoneSimulator.ActiveCfg = AppStore|iPhoneSimulator
		{2BD73CC7-3A8A-42E5-B0EF-95C44BD18DD0}.AppStore|iPhoneSimulator.Build.0 = AppStore|iPhoneSimulator
		{2BD73CC7-3A8A-42E5-B0EF-95C44BD18DD0}.AppStore|x64.ActiveCfg = AppStore|iPhone
		{2BD73CC7-3A8A-42E5-B0EF-95C44BD18DD0}.AppStore|x86.ActiveCfg = AppStore|iPhone
		{2BD73CC7-3A8A-42E5-B0EF-95C44BD18DD0}.Debug|Any CPU.ActiveCfg = Debug|iPhone
		{2BD73CC7-3A8A-42E5-B0EF-95C44BD18DD0}.Debug|ARM.ActiveCfg = Debug|iPhone
		{2BD73CC7-3A8A-42E5-B0EF-95C44BD18DD0}.Debug|iPhone.ActiveCfg = Debug|iPhone
		{2BD73CC7-3A8A-42E5-B0EF-95C44BD18DD0}.Debug|iPhone.Build.0 = Debug|iPhone
		{2BD73CC7-3A8A-42E5-B0EF-95C44BD18DD0}.Debug|iPhoneSimulator.ActiveCfg = Debug|iPhoneSimulator
		{2BD73CC7-3A8A-42E5-B0EF-95C44BD18DD0}.Debug|iPhoneSimulator.Build.0 = Debug|iPhoneSimulator
		{2BD73CC7-3A8A-42E5-B0EF-95C44BD18DD0}.Debug|x64.ActiveCfg = Debug|iPhone
		{2BD73CC7-3A8A-42E5-B0EF-95C44BD18DD0}.Debug|x86.ActiveCfg = Debug|iPhone
		{2BD73CC7-3A8A-42E5-B0EF-95C44BD18DD0}.Release|Any CPU.ActiveCfg = Release|iPhone
		{2BD73CC7-3A8A-42E5-B0EF-95C44BD18DD0}.Release|ARM.ActiveCfg = Release|iPhone
		{2BD73CC7-3A8A-42E5-B0EF-95C44BD18DD0}.Release|iPhone.ActiveCfg = Release|iPhone
		{2BD73CC7-3A8A-42E5-B0EF-95C44BD18DD0}.Release|iPhone.Build.0 = Release|iPhone
		{2BD73CC7-3A8A-42E5-B0EF-95C44BD18DD0}.Release|iPhoneSimulator.ActiveCfg = Release|iPhoneSimulator
		{2BD73CC7-3A8A-42E5-B0EF-95C44BD18DD0}.Release|iPhoneSimulator.Build.0 = Release|iPhoneSimulator
		{2BD73CC7-3A8A-42E5-B0EF-95C44BD18DD0}.Release|x64.ActiveCfg = Release|iPhone
		{2BD73CC7-3A8A-42E5-B0EF-95C44BD18DD0}.Release|x86.ActiveCfg = Release|iPhone
		{8978C8E0-3A42-4B77-98D1-FC75D5014B01}.Ad-Hoc|Any CPU.ActiveCfg = Release|x86
		{8978C8E0-3A42-4B77-98D1-FC75D5014B01}.Ad-Hoc|Any CPU.Build.0 = Release|x86
		{8978C8E0-3A42-4B77-98D1-FC75D5014B01}.Ad-Hoc|Any CPU.Deploy.0 = Release|x86
		{8978C8E0-3A42-4B77-98D1-FC75D5014B01}.Ad-Hoc|ARM.ActiveCfg = Release|ARM
		{8978C8E0-3A42-4B77-98D1-FC75D5014B01}.Ad-Hoc|ARM.Build.0 = Release|ARM
		{8978C8E0-3A42-4B77-98D1-FC75D5014B01}.Ad-Hoc|ARM.Deploy.0 = Release|ARM
		{8978C8E0-3A42-4B77-98D1-FC75D5014B01}.Ad-Hoc|iPhone.ActiveCfg = Release|x86
		{8978C8E0-3A42-4B77-98D1-FC75D5014B01}.Ad-Hoc|iPhone.Build.0 = Release|x86
		{8978C8E0-3A42-4B77-98D1-FC75D5014B01}.Ad-Hoc|iPhone.Deploy.0 = Release|x86
		{8978C8E0-3A42-4B77-98D1-FC75D5014B01}.Ad-Hoc|iPhoneSimulator.ActiveCfg = Release|x86
		{8978C8E0-3A42-4B77-98D1-FC75D5014B01}.Ad-Hoc|iPhoneSimulator.Build.0 = Release|x86
		{8978C8E0-3A42-4B77-98D1-FC75D5014B01}.Ad-Hoc|iPhoneSimulator.Deploy.0 = Release|x86
		{8978C8E0-3A42-4B77-98D1-FC75D5014B01}.Ad-Hoc|x64.ActiveCfg = Release|x64
		{8978C8E0-3A42-4B77-98D1-FC75D5014B01}.Ad-Hoc|x64.Build.0 = Release|x64
		{8978C8E0-3A42-4B77-98D1-FC75D5014B01}.Ad-Hoc|x64.Deploy.0 = Release|x64
		{8978C8E0-3A42-4B77-98D1-FC75D5014B01}.Ad-Hoc|x86.ActiveCfg = Release|x86
		{8978C8E0-3A42-4B77-98D1-FC75D5014B01}.Ad-Hoc|x86.Build.0 = Release|x86
		{8978C8E0-3A42-4B77-98D1-FC75D5014B01}.Ad-Hoc|x86.Deploy.0 = Release|x86
		{8978C8E0-3A42-4B77-98D1-FC75D5014B01}.AppStore|Any CPU.ActiveCfg = Release|x86
		{8978C8E0-3A42-4B77-98D1-FC75D5014B01}.AppStore|Any CPU.Build.0 = Release|x86
		{8978C8E0-3A42-4B77-98D1-FC75D5014B01}.AppStore|Any CPU.Deploy.0 = Release|x86
		{8978C8E0-3A42-4B77-98D1-FC75D5014B01}.AppStore|ARM.ActiveCfg = Release|ARM
		{8978C8E0-3A42-4B77-98D1-FC75D5014B01}.AppStore|ARM.Build.0 = Release|ARM
		{8978C8E0-3A42-4B77-98D1-FC75D5014B01}.AppStore|ARM.Deploy.0 = Release|ARM
		{8978C8E0-3A42-4B77-98D1-FC75D5014B01}.AppStore|iPhone.ActiveCfg = Release|x86
		{8978C8E0-3A42-4B77-98D1-FC75D5014B01}.AppStore|iPhone.Build.0 = Release|x86
		{8978C8E0-3A42-4B77-98D1-FC75D5014B01}.AppStore|iPhone.Deploy.0 = Release|x86
		{8978C8E0-3A42-4B77-98D1-FC75D5014B01}.AppStore|iPhoneSimulator.ActiveCfg = Release|x86
		{8978C8E0-3A42-4B77-98D1-FC75D5014B01}.AppStore|iPhoneSimulator.Build.0 = Release|x86
		{8978C8E0-3A42-4B77-98D1-FC75D5014B01}.AppStore|iPhoneSimulator.Deploy.0 = Release|x86
		{8978C8E0-3A42-4B77-98D1-FC75D5014B01}.AppStore|x64.ActiveCfg = Release|x64
		{8978C8E0-3A42-4B77-98D1-FC75D5014B01}.AppStore|x64.Build.0 = Release|x64
		{8978C8E0-3A42-4B77-98D1-FC75D5014B01}.AppStore|x64.Deploy.0 = Release|x64
		{8978C8E0-3A42-4B77-98D1-FC75D5014B01}.AppStore|x86.ActiveCfg = Release|x86
		{8978C8E0-3A42-4B77-98D1-FC75D5014B01}.AppStore|x86.Build.0 = Release|x86
		{8978C8E0-3A42-4B77-98D1-FC75D5014B01}.AppStore|x86.Deploy.0 = Release|x86
		{8978C8E0-3A42-4B77-98D1-FC75D5014B01}.Debug|Any CPU.ActiveCfg = Debug|x86
		{8978C8E0-3A42-4B77-98D1-FC75D5014B01}.Debug|ARM.ActiveCfg = Debug|ARM
		{8978C8E0-3A42-4B77-98D1-FC75D5014B01}.Debug|ARM.Build.0 = Debug|ARM
		{8978C8E0-3A42-4B77-98D1-FC75D5014B01}.Debug|ARM.Deploy.0 = Debug|ARM
		{8978C8E0-3A42-4B77-98D1-FC75D5014B01}.Debug|iPhone.ActiveCfg = Debug|x86
		{8978C8E0-3A42-4B77-98D1-FC75D5014B01}.Debug|iPhoneSimulator.ActiveCfg = Debug|x86
		{8978C8E0-3A42-4B77-98D1-FC75D5014B01}.Debug|x64.ActiveCfg = Debug|x64
		{8978C8E0-3A42-4B77-98D1-FC75D5014B01}.Debug|x64.Build.0 = Debug|x64
		{8978C8E0-3A42-4B77-98D1-FC75D5014B01}.Debug|x64.Deploy.0 = Debug|x64
		{8978C8E0-3A42-4B77-98D1-FC75D5014B01}.Debug|x86.ActiveCfg = Debug|x86
		{8978C8E0-3A42-4B77-98D1-FC75D5014B01}.Debug|x86.Build.0 = Debug|x86
		{8978C8E0-3A42-4B77-98D1-FC75D5014B01}.Debug|x86.Deploy.0 = Debug|x86
		{8978C8E0-3A42-4B77-98D1-FC75D5014B01}.Release|Any CPU.ActiveCfg = Release|x86
		{8978C8E0-3A42-4B77-98D1-FC75D5014B01}.Release|ARM.ActiveCfg = Release|ARM
		{8978C8E0-3A42-4B77-98D1-FC75D5014B01}.Release|ARM.Build.0 = Release|ARM
		{8978C8E0-3A42-4B77-98D1-FC75D5014B01}.Release|ARM.Deploy.0 = Release|ARM
		{8978C8E0-3A42-4B77-98D1-FC75D5014B01}.Release|iPhone.ActiveCfg = Release|x86
		{8978C8E0-3A42-4B77-98D1-FC75D5014B01}.Release|iPhoneSimulator.ActiveCfg = Release|x86
		{8978C8E0-3A42-4B77-98D1-FC75D5014B01}.Release|x64.ActiveCfg = Release|x64
		{8978C8E0-3A42-4B77-98D1-FC75D5014B01}.Release|x64.Build.0 = Release|x64
		{8978C8E0-3A42-4B77-98D1-FC75D5014B01}.Release|x64.Deploy.0 = Release|x64
		{8978C8E0-3A42-4B77-98D1-FC75D5014B01}.Release|x86.ActiveCfg = Release|x86
		{8978C8E0-3A42-4B77-98D1-FC75D5014B01}.Release|x86.Build.0 = Release|x86
		{8978C8E0-3A42-4B77-98D1-FC75D5014B01}.Release|x86.Deploy.0 = Release|x86
		{0AEB8DD7-39BE-4007-A3BA-C17B5B7F6C28}.Ad-Hoc|Any CPU.ActiveCfg = Debug|Any CPU
		{0AEB8DD7-39BE-4007-A3BA-C17B5B7F6C28}.Ad-Hoc|Any CPU.Build.0 = Debug|Any CPU
		{0AEB8DD7-39BE-4007-A3BA-C17B5B7F6C28}.Ad-Hoc|ARM.ActiveCfg = Debug|Any CPU
		{0AEB8DD7-39BE-4007-A3BA-C17B5B7F6C28}.Ad-Hoc|ARM.Build.0 = Debug|Any CPU
		{0AEB8DD7-39BE-4007-A3BA-C17B5B7F6C28}.Ad-Hoc|iPhone.ActiveCfg = Debug|Any CPU
		{0AEB8DD7-39BE-4007-A3BA-C17B5B7F6C28}.Ad-Hoc|iPhone.Build.0 = Debug|Any CPU
		{0AEB8DD7-39BE-4007-A3BA-C17B5B7F6C28}.Ad-Hoc|iPhoneSimulator.ActiveCfg = Debug|Any CPU
		{0AEB8DD7-39BE-4007-A3BA-C17B5B7F6C28}.Ad-Hoc|iPhoneSimulator.Build.0 = Debug|Any CPU
		{0AEB8DD7-39BE-4007-A3BA-C17B5B7F6C28}.Ad-Hoc|x64.ActiveCfg = Debug|Any CPU
		{0AEB8DD7-39BE-4007-A3BA-C17B5B7F6C28}.Ad-Hoc|x64.Build.0 = Debug|Any CPU
		{0AEB8DD7-39BE-4007-A3BA-C17B5B7F6C28}.Ad-Hoc|x86.ActiveCfg = Debug|Any CPU
		{0AEB8DD7-39BE-4007-A3BA-C17B5B7F6C28}.Ad-Hoc|x86.Build.0 = Debug|Any CPU
		{0AEB8DD7-39BE-4007-A3BA-C17B5B7F6C28}.AppStore|Any CPU.ActiveCfg = Debug|Any CPU
		{0AEB8DD7-39BE-4007-A3BA-C17B5B7F6C28}.AppStore|Any CPU.Build.0 = Debug|Any CPU
		{0AEB8DD7-39BE-4007-A3BA-C17B5B7F6C28}.AppStore|ARM.ActiveCfg = Debug|Any CPU
		{0AEB8DD7-39BE-4007-A3BA-C17B5B7F6C28}.AppStore|ARM.Build.0 = Debug|Any CPU
		{0AEB8DD7-39BE-4007-A3BA-C17B5B7F6C28}.AppStore|iPhone.ActiveCfg = Debug|Any CPU
		{0AEB8DD7-39BE-4007-A3BA-C17B5B7F6C28}.AppStore|iPhone.Build.0 = Debug|Any CPU
		{0AEB8DD7-39BE-4007-A3BA-C17B5B7F6C28}.AppStore|iPhoneSimulator.ActiveCfg = Debug|Any CPU
		{0AEB8DD7-39BE-4007-A3BA-C17B5B7F6C28}.AppStore|iPhoneSimulator.Build.0 = Debug|Any CPU
		{0AEB8DD7-39BE-4007-A3BA-C17B5B7F6C28}.AppStore|x64.ActiveCfg = Debug|Any CPU
		{0AEB8DD7-39BE-4007-A3BA-C17B5B7F6C28}.AppStore|x64.Build.0 = Debug|Any CPU
		{0AEB8DD7-39BE-4007-A3BA-C17B5B7F6C28}.AppStore|x86.ActiveCfg = Debug|Any CPU
		{0AEB8DD7-39BE-4007-A3BA-C17B5B7F6C28}.AppStore|x86.Build.0 = Debug|Any CPU
		{0AEB8DD7-39BE-4007-A3BA-C17B5B7F6C28}.Debug|Any CPU.ActiveCfg = Debug|Any CPU
		{0AEB8DD7-39BE-4007-A3BA-C17B5B7F6C28}.Debug|Any CPU.Build.0 = Debug|Any CPU
		{0AEB8DD7-39BE-4007-A3BA-C17B5B7F6C28}.Debug|ARM.ActiveCfg = Debug|Any CPU
		{0AEB8DD7-39BE-4007-A3BA-C17B5B7F6C28}.Debug|ARM.Build.0 = Debug|Any CPU
		{0AEB8DD7-39BE-4007-A3BA-C17B5B7F6C28}.Debug|iPhone.ActiveCfg = Debug|Any CPU
		{0AEB8DD7-39BE-4007-A3BA-C17B5B7F6C28}.Debug|iPhone.Build.0 = Debug|Any CPU
		{0AEB8DD7-39BE-4007-A3BA-C17B5B7F6C28}.Debug|iPhoneSimulator.ActiveCfg = Debug|Any CPU
		{0AEB8DD7-39BE-4007-A3BA-C17B5B7F6C28}.Debug|iPhoneSimulator.Build.0 = Debug|Any CPU
		{0AEB8DD7-39BE-4007-A3BA-C17B5B7F6C28}.Debug|x64.ActiveCfg = Debug|Any CPU
		{0AEB8DD7-39BE-4007-A3BA-C17B5B7F6C28}.Debug|x64.Build.0 = Debug|Any CPU
		{0AEB8DD7-39BE-4007-A3BA-C17B5B7F6C28}.Debug|x86.ActiveCfg = Debug|Any CPU
		{0AEB8DD7-39BE-4007-A3BA-C17B5B7F6C28}.Debug|x86.Build.0 = Debug|Any CPU
		{0AEB8DD7-39BE-4007-A3BA-C17B5B7F6C28}.Release|Any CPU.ActiveCfg = Release|Any CPU
		{0AEB8DD7-39BE-4007-A3BA-C17B5B7F6C28}.Release|Any CPU.Build.0 = Release|Any CPU
		{0AEB8DD7-39BE-4007-A3BA-C17B5B7F6C28}.Release|ARM.ActiveCfg = Release|Any CPU
		{0AEB8DD7-39BE-4007-A3BA-C17B5B7F6C28}.Release|ARM.Build.0 = Release|Any CPU
		{0AEB8DD7-39BE-4007-A3BA-C17B5B7F6C28}.Release|iPhone.ActiveCfg = Release|Any CPU
		{0AEB8DD7-39BE-4007-A3BA-C17B5B7F6C28}.Release|iPhone.Build.0 = Release|Any CPU
		{0AEB8DD7-39BE-4007-A3BA-C17B5B7F6C28}.Release|iPhoneSimulator.ActiveCfg = Release|Any CPU
		{0AEB8DD7-39BE-4007-A3BA-C17B5B7F6C28}.Release|iPhoneSimulator.Build.0 = Release|Any CPU
		{0AEB8DD7-39BE-4007-A3BA-C17B5B7F6C28}.Release|x64.ActiveCfg = Release|Any CPU
		{0AEB8DD7-39BE-4007-A3BA-C17B5B7F6C28}.Release|x64.Build.0 = Release|Any CPU
		{0AEB8DD7-39BE-4007-A3BA-C17B5B7F6C28}.Release|x86.ActiveCfg = Release|Any CPU
		{0AEB8DD7-39BE-4007-A3BA-C17B5B7F6C28}.Release|x86.Build.0 = Release|Any CPU
	EndGlobalSection
	GlobalSection(SolutionProperties) = preSolution
		HideSolutionNode = FALSE
	EndGlobalSection
	GlobalSection(ExtensibilityGlobals) = postSolution
		SolutionGuid = {2A2A863D-BC52-4649-AD10-C74DDA6576D1}
	EndGlobalSection
EndGlobal
